
Microsoft Visual Studio Solution File, Format Version 12.00
# Visual Studio Version 16
VisualStudioVersion = 16.0.29709.97
MinimumVisualStudioVersion = 10.0.40219.1
Project("{9A19103F-16F7-4668-BE54-9A1E7A4F7556}") = "apiExchange", "apiExchange.csproj", "{83297C2B-3762-49EE-AB6D-76BFA531D29A}"
EndProject
Global
	GlobalSection(SolutionConfigurationPlatforms) = preSolution
		Debug|Any CPU = Debug|Any CPU
		Release|Any CPU = Release|Any CPU
	EndGlobalSection
	GlobalSection(ProjectConfigurationPlatforms) = postSolution
		{83297C2B-3762-49EE-AB6D-76BFA531D29A}.Debug|Any CPU.ActiveCfg = Debug|Any CPU
		{83297C2B-3762-49EE-AB6D-76BFA531D29A}.Debug|Any CPU.Build.0 = Debug|Any CPU
		{83297C2B-3762-49EE-AB6D-76BFA531D29A}.Release|Any CPU.ActiveCfg = Release|Any CPU
		{83297C2B-3762-49EE-AB6D-76BFA531D29A}.Release|Any CPU.Build.0 = Release|Any CPU
	EndGlobalSection
	GlobalSection(SolutionProperties) = preSolution
		HideSolutionNode = FALSE
	EndGlobalSection
	GlobalSection(ExtensibilityGlobals) = postSolution
		SolutionGuid = {AF82D13D-AE2B-4CDA-A6BE-DEEB0ADE4089}
	EndGlobalSection
EndGlobal
